// !$*UTF8*$!
{
	archiveVersion = 1;
	classes = {
	};
	objectVersion = 50;
	objects = {

/* Begin PBXBuildFile section */
		F23D274522D25B220033EF58 /* CustomButton.swift in Sources */ = {isa = PBXBuildFile; fileRef = F23D274422D25B220033EF58 /* CustomButton.swift */; };
		F266E4C322DD01050060D604 /* BrainCalculator.swift in Sources */ = {isa = PBXBuildFile; fileRef = F266E4C222DD01050060D604 /* BrainCalculator.swift */; };
		F2FDDDA522C915B600213154 /* AppDelegate.swift in Sources */ = {isa = PBXBuildFile; fileRef = F2FDDDA422C915B600213154 /* AppDelegate.swift */; };
		F2FDDDA722C915B600213154 /* ViewController.swift in Sources */ = {isa = PBXBuildFile; fileRef = F2FDDDA622C915B600213154 /* ViewController.swift */; };
		F2FDDDAA22C915B600213154 /* Main.storyboard in Resources */ = {isa = PBXBuildFile; fileRef = F2FDDDA822C915B600213154 /* Main.storyboard */; };
		F2FDDDAC22C915B700213154 /* Assets.xcassets in Resources */ = {isa = PBXBuildFile; fileRef = F2FDDDAB22C915B700213154 /* Assets.xcassets */; };
		F2FDDDAF22C915B700213154 /* LaunchScreen.storyboard in Resources */ = {isa = PBXBuildFile; fileRef = F2FDDDAD22C915B700213154 /* LaunchScreen.storyboard */; };
		F2FDE73622D3AA4F002420F8 /* ViewFront.swift in Sources */ = {isa = PBXBuildFile; fileRef = F2FDE73522D3AA4F002420F8 /* ViewFront.swift */; };
/* End PBXBuildFile section */

/* Begin PBXFileReference section */
		F23D274422D25B220033EF58 /* CustomButton.swift */ = {isa = PBXFileReference; lastKnownFileType = sourcecode.swift; path = CustomButton.swift; sourceTree = "<group>"; };
		F266E4C222DD01050060D604 /* BrainCalculator.swift */ = {isa = PBXFileReference; lastKnownFileType = sourcecode.swift; path = BrainCalculator.swift; sourceTree = "<group>"; };
		F2FDDDA122C915B600213154 /* Calculator.app */ = {isa = PBXFileReference; explicitFileType = wrapper.application; includeInIndex = 0; path = Calculator.app; sourceTree = BUILT_PRODUCTS_DIR; };
		F2FDDDA422C915B600213154 /* AppDelegate.swift */ = {isa = PBXFileReference; lastKnownFileType = sourcecode.swift; path = AppDelegate.swift; sourceTree = "<group>"; };
		F2FDDDA622C915B600213154 /* ViewController.swift */ = {isa = PBXFileReference; lastKnownFileType = sourcecode.swift; path = ViewController.swift; sourceTree = "<group>"; };
		F2FDDDA922C915B600213154 /* Base */ = {isa = PBXFileReference; lastKnownFileType = file.storyboard; name = Base; path = Base.lproj/Main.storyboard; sourceTree = "<group>"; };
		F2FDDDAB22C915B700213154 /* Assets.xcassets */ = {isa = PBXFileReference; lastKnownFileType = folder.assetcatalog; path = Assets.xcassets; sourceTree = "<group>"; };
		F2FDDDAE22C915B700213154 /* Base */ = {isa = PBXFileReference; lastKnownFileType = file.storyboard; name = Base; path = Base.lproj/LaunchScreen.storyboard; sourceTree = "<group>"; };
		F2FDDDB022C915B700213154 /* Info.plist */ = {isa = PBXFileReference; lastKnownFileType = text.plist.xml; path = Info.plist; sourceTree = "<group>"; };
		F2FDE73522D3AA4F002420F8 /* ViewFront.swift */ = {isa = PBXFileReference; lastKnownFileType = sourcecode.swift; path = ViewFront.swift; sourceTree = "<group>"; };
/* End PBXFileReference section */

/* Begin PBXFrameworksBuildPhase section */
		F2FDDD9E22C915B600213154 /* Frameworks */ = {
			isa = PBXFrameworksBuildPhase;
			buildActionMask = 2147483647;
			files = (
			);
			runOnlyForDeploymentPostprocessing = 0;
		};
/* End PBXFrameworksBuildPhase section */

/* Begin PBXGroup section */
		F2AC5F9B22CA796F007ED637 /* Supported */ = {
			isa = PBXGroup;
			children = (
			);
			path = Supported;
			sourceTree = "<group>";
		};
		F2FDDD9822C915B600213154 = {
			isa = PBXGroup;
			children = (
				F2FDDDA322C915B600213154 /* Calculator */,
				F2FDDDA222C915B600213154 /* Products */,
			);
			sourceTree = "<group>";
		};
		F2FDDDA222C915B600213154 /* Products */ = {
			isa = PBXGroup;
			children = (
				F2FDDDA122C915B600213154 /* Calculator.app */,
			);
			name = Products;
			sourceTree = "<group>";
		};
		F2FDDDA322C915B600213154 /* Calculator */ = {
			isa = PBXGroup;
			children = (
				F2FDDDA622C915B600213154 /* ViewController.swift */,
				F266E4C222DD01050060D604 /* BrainCalculator.swift */,
				F2FDE73522D3AA4F002420F8 /* ViewFront.swift */,
				F23D274422D25B220033EF58 /* CustomButton.swift */,
				F2FDDDA822C915B600213154 /* Main.storyboard */,
				F2FDDDA422C915B600213154 /* AppDelegate.swift */,
				F2FDDDAB22C915B700213154 /* Assets.xcassets */,
				F2FDDDAD22C915B700213154 /* LaunchScreen.storyboard */,
				F2FDDDB022C915B700213154 /* Info.plist */,
				F2AC5F9B22CA796F007ED637 /* Supported */,
			);
			path = Calculator;
			sourceTree = "<group>";
		};
/* End PBXGroup section */

/* Begin PBXNativeTarget section */
		F2FDDDA022C915B600213154 /* Calculator */ = {
			isa = PBXNativeTarget;
			buildConfigurationList = F2FDDDB322C915B700213154 /* Build configuration list for PBXNativeTarget "Calculator" */;
			buildPhases = (
				F2FDDD9D22C915B600213154 /* Sources */,
				F2FDDD9E22C915B600213154 /* Frameworks */,
				F2FDDD9F22C915B600213154 /* Resources */,
			);
			buildRules = (
			);
			dependencies = (
			);
			name = Calculator;
			productName = Calculator;
			productReference = F2FDDDA122C915B600213154 /* Calculator.app */;
			productType = "com.apple.product-type.application";
		};
/* End PBXNativeTarget section */

/* Begin PBXProject section */
		F2FDDD9922C915B600213154 /* Project object */ = {
			isa = PBXProject;
			attributes = {
				LastSwiftUpdateCheck = 1020;
				LastUpgradeCheck = 1020;
				ORGANIZATIONNAME = Abalamsh;
				TargetAttributes = {
					F2FDDDA022C915B600213154 = {
						CreatedOnToolsVersion = 10.2.1;
					};
				};
			};
			buildConfigurationList = F2FDDD9C22C915B600213154 /* Build configuration list for PBXProject "Calculator" */;
			compatibilityVersion = "Xcode 9.3";
			developmentRegion = en;
			hasScannedForEncodings = 0;
			knownRegions = (
				en,
				Base,
			);
			mainGroup = F2FDDD9822C915B600213154;
			productRefGroup = F2FDDDA222C915B600213154 /* Products */;
			projectDirPath = "";
			projectRoot = "";
			targets = (
				F2FDDDA022C915B600213154 /* Calculator */,
			);
		};
/* End PBXProject section */

/* Begin PBXResourcesBuildPhase section */
		F2FDDD9F22C915B600213154 /* Resources */ = {
			isa = PBXResourcesBuildPhase;
			buildActionMask = 2147483647;
			files = (
				F2FDDDAF22C915B700213154 /* LaunchScreen.storyboard in Resources */,
				F2FDDDAC22C915B700213154 /* Assets.xcassets in Resources */,
				F2FDDDAA22C915B600213154 /* Main.storyboard in Resources */,
			);
			runOnlyForDeploymentPostprocessing = 0;
		};
/* End PBXResourcesBuildPhase section */

/* Begin PBXSourcesBuildPhase section */
		F2FDDD9D22C915B600213154 /* Sources */ = {
			isa = PBXSourcesBuildPhase;
			buildActionMask = 2147483647;
			files = (
				F266E4C322DD01050060D604 /* BrainCalculator.swift in Sources */,
				F2FDDDA722C915B600213154 /* ViewController.swift in Sources */,
				F2FDDDA522C915B600213154 /* AppDelegate.swift in Sources */,
				F2FDE73622D3AA4F002420F8 /* ViewFront.swift in Sources */,
				F23D274522D25B220033EF58 /* CustomButton.swift in Sources */,
			);
			runOnlyForDeploymentPostprocessing = 0;
		};
/* End PBXSourcesBuildPhase section */

/* Begin PBXVariantGroup section */
		F2FDDDA822C915B600213154 /* Main.storyboard */ = {
			isa = PBXVariantGroup;
			children = (
				F2FDDDA922C915B600213154 /* Base */,
			);
			name = Main.storyboard;
			sourceTree = "<group>";
		};
		F2FDDDAD22C915B700213154 /* LaunchScreen.storyboard */ = {
			isa = PBXVariantGroup;
			children = (
				F2FDDDAE22C915B700213154 /* Base */,
			);
			name = LaunchScreen.storyboard;
			sourceTree = "<group>";
		};
/* End PBXVariantGroup section */

/* Begin XCBuildConfiguration section */
		F2FDDDB122C915B700213154 /* Debug */ = {
			isa = XCBuildConfiguration;
			buildSettings = {
				ALWAYS_SEARCH_USER_PATHS = NO;
				CLANG_ANALYZER_NONNULL = YES;
				CLANG_ANALYZER_NUMBER_OBJECT_CONVERSION = YES_AGGRESSIVE;
				CLANG_CXX_LANGUAGE_STANDARD = "gnu++14";
				CLANG_CXX_LIBRARY = "libc++";
				CLANG_ENABLE_MODULES = YES;
				CLANG_ENABLE_OBJC_ARC = YES;
				CLANG_ENABLE_OBJC_WEAK = YES;
				CLANG_WARN_BLOCK_CAPTURE_AUTORELEASING = YES;
				CLANG_WARN_BOOL_CONVERSION = YES;
				CLANG_WARN_COMMA = YES;
				CLANG_WARN_CONSTANT_CONVERSION = YES;
				CLANG_WARN_DEPRECATED_OBJC_IMPLEMENTATIONS = YES;
				CLANG_WARN_DIRECT_OBJC_ISA_USAGE = YES_ERROR;
				CLANG_WARN_DOCUMENTATION_COMMENTS = YES;
				CLANG_WARN_EMPTY_BODY = YES;
				CLANG_WARN_ENUM_CONVERSION = YES;
				CLANG_WARN_INFINITE_RECURSION = YES;
				CLANG_WARN_INT_CONVERSION = YES;
				CLANG_WARN_NON_LITERAL_NULL_CONVERSION = YES;
				CLANG_WARN_OBJC_IMPLICIT_RETAIN_SELF = YES;
				CLANG_WARN_OBJC_LITERAL_CONVERSION = YES;
				CLANG_WARN_OBJC_ROOT_CLASS = YES_ERROR;
				CLANG_WARN_RANGE_LOOP_ANALYSIS = YES;
				CLANG_WARN_STRICT_PROTOTYPES = YES;
				CLANG_WARN_SUSPICIOUS_MOVE = YES;
				CLANG_WARN_UNGUARDED_AVAILABILITY = YES_AGGRESSIVE;
				CLANG_WARN_UNREACHABLE_CODE = YES;
				CLANG_WARN__DUPLICATE_METHOD_MATCH = YES;
				CODE_SIGN_IDENTITY = "iPhone Developer";
				COPY_PHASE_STRIP = NO;
				DEBUG_INFORMATION_FORMAT = dwarf;
				ENABLE_STRICT_OBJC_MSGSEND = YES;
				ENABLE_TESTABILITY = YES;
				GCC_C_LANGUAGE_STANDARD = gnu11;
				GCC_DYNAMIC_NO_PIC = NO;
				GCC_NO_COMMON_BLOCKS = YES;
				GCC_OPTIMIZATION_LEVEL = 0;
				GCC_PREPROCESSOR_DEFINITIONS = (
					"DEBUG=1",
					"$(inherited)",
				);
				GCC_WARN_64_TO_32_BIT_CONVERSION = YES;
				GCC_WARN_ABOUT_RETURN_TYPE = YES_ERROR;
				GCC_WARN_UNDECLARED_SELECTOR = YES;
				GCC_WARN_UNINITIALIZED_AUTOS = YES_AGGRESSIVE;
				GCC_WARN_UNUSED_FUNCTION = YES;
				GCC_WARN_UNUSED_VARIABLE = YES;
				IPHONEOS_DEPLOYMENT_TARGET = 12.2;
				MTL_ENABLE_DEBUG_INFO = INCLUDE_SOURCE;
				MTL_FAST_MATH = YES;
				ONLY_ACTIVE_ARCH = YES;
				SDKROOT = iphoneos;
				SWIFT_ACTIVE_COMPILATION_CONDITIONS = DEBUG;
				SWIFT_OPTIMIZATION_LEVEL = "-Onone";
			};
			name = Debug;
		};
		F2FDDDB222C915B700213154 /* Release */ = {
			isa = XCBuildConfiguration;
			buildSettings = {
				ALWAYS_SEARCH_USER_PATHS = NO;
				CLANG_ANALYZER_NONNULL = YES;
				CLANG_ANALYZER_NUMBER_OBJECT_CONVERSION = YES_AGGRESSIVE;
				CLANG_CXX_LANGUAGE_STANDARD = "gnu++14";
				CLANG_CXX_LIBRARY = "libc++";
				CLANG_ENABLE_MODULES = YES;
				CLANG_ENABLE_OBJC_ARC = YES;
				CLANG_ENABLE_OBJC_WEAK = YES;
				CLANG_WARN_BLOCK_CAPTURE_AUTORELEASING = YES;
				CLANG_WARN_BOOL_CONVERSION = YES;
				CLANG_WARN_COMMA = YES;
				CLANG_WARN_CONSTANT_CONVERSION = YES;
				CLANG_WARN_DEPRECATED_OBJC_IMPLEMENTATIONS = YES;
				CLANG_WARN_DIRECT_OBJC_ISA_USAGE = YES_ERROR;
				CLANG_WARN_DOCUMENTATION_COMMENTS = YES;
				CLANG_WARN_EMPTY_BODY = YES;
				CLANG_WARN_ENUM_CONVERSION = YES;
				CLANG_WARN_INFINITE_RECURSION = YES;
				CLANG_WARN_INT_CONVERSION = YES;
				CLANG_WARN_NON_LITERAL_NULL_CONVERSION = YES;
				CLANG_WARN_OBJC_IMPLICIT_RETAIN_SELF = YES;
				CLANG_WARN_OBJC_LITERAL_CONVERSION = YES;
				CLANG_WARN_OBJC_ROOT_CLASS = YES_ERROR;
				CLANG_WARN_RANGE_LOOP_ANALYSIS = YES;
				CLANG_WARN_STRICT_PROTOTYPES = YES;
				CLANG_WARN_SUSPICIOUS_MOVE = YES;
				CLANG_WARN_UNGUARDED_AVAILABILITY = YES_AGGRESSIVE;
				CLANG_WARN_UNREACHABLE_CODE = YES;
				CLANG_WARN__DUPLICATE_METHOD_MATCH = YES;
				CODE_SIGN_IDENTITY = "iPhone Developer";
				COPY_PHASE_STRIP = NO;
				DEBUG_INFORMATION_FORMAT = "dwarf-with-dsym";
				ENABLE_NS_ASSERTIONS = NO;
				ENABLE_STRICT_OBJC_MSGSEND = YES;
				GCC_C_LANGUAGE_STANDARD = gnu11;
				GCC_NO_COMMON_BLOCKS = YES;
				GCC_WARN_64_TO_32_BIT_CONVERSION = YES;
				GCC_WARN_ABOUT_RETURN_TYPE = YES_ERROR;
				GCC_WARN_UNDECLARED_SELECTOR = YES;
				GCC_WARN_UNINITIALIZED_AUTOS = YES_AGGRESSIVE;
				GCC_WARN_UNUSED_FUNCTION = YES;
				GCC_WARN_UNUSED_VARIABLE = YES;
				IPHONEOS_DEPLOYMENT_TARGET = 12.2;
				MTL_ENABLE_DEBUG_INFO = NO;
				MTL_FAST_MATH = YES;
				SDKROOT = iphoneos;
				SWIFT_COMPILATION_MODE = wholemodule;
				SWIFT_OPTIMIZATION_LEVEL = "-O";
				VALIDATE_PRODUCT = YES;
			};
			name = Release;
		};
		F2FDDDB422C915B700213154 /* Debug */ = {
			isa = XCBuildConfiguration;
			buildSettings = {
				ASSETCATALOG_COMPILER_APPICON_NAME = AppIcon;
				CODE_SIGN_STYLE = Automatic;
				INFOPLIST_FILE = Calculator/Info.plist;
				IPHONEOS_DEPLOYMENT_TARGET = 12.2;
				LD_RUNPATH_SEARCH_PATHS = (
					"$(inherited)",
					"@executable_path/Frameworks",
				);
				PRODUCT_BUNDLE_IDENTIFIER = A.Calculator;
				PRODUCT_NAME = "$(TARGET_NAME)";
				SWIFT_VERSION = 5.0;
				TARGETED_DEVICE_FAMILY = "1,2";
			};
			name = Debug;
		};
		F2FDDDB522C915B700213154 /* Release */ = {
			isa = XCBuildConfiguration;
			buildSettings = {
				ASSETCATALOG_COMPILER_APPICON_NAME = AppIcon;
				CODE_SIGN_STYLE = Automatic;
				INFOPLIST_FILE = Calculator/Info.plist;
				IPHONEOS_DEPLOYMENT_TARGET = 12.2;
				LD_RUNPATH_SEARCH_PATHS = (
					"$(inherited)",
					"@executable_path/Frameworks",
				);
				PRODUCT_BUNDLE_IDENTIFIER = A.Calculator;
				PRODUCT_NAME = "$(TARGET_NAME)";
				SWIFT_VERSION = 5.0;
				TARGETED_DEVICE_FAMILY = "1,2";
			};
			name = Release;
		};
/* End XCBuildConfiguration section */

/* Begin XCConfigurationList section */
		F2FDDD9C22C915B600213154 /* Build configuration list for PBXProject "Calculator" */ = {
			isa = XCConfigurationList;
			buildConfigurations = (
				F2FDDDB122C915B700213154 /* Debug */,
				F2FDDDB222C915B700213154 /* Release */,
			);
			defaultConfigurationIsVisible = 0;
			defaultConfigurationName = Release;
		};
		F2FDDDB322C915B700213154 /* Build configuration list for PBXNativeTarget "Calculator" */ = {
			isa = XCConfigurationList;
			buildConfigurations = (
				F2FDDDB422C915B700213154 /* Debug */,
				F2FDDDB522C915B700213154 /* Release */,
			);
			defaultConfigurationIsVisible = 0;
			defaultConfigurationName = Release;
		};
/* End XCConfigurationList section */
	};
	rootObject = F2FDDD9922C915B600213154 /* Project object */;
}
